{
    "name": "node-red-project",
    "version": "0.0.1",
    "lockfileVersion": 2,
    "requires": true,
    "packages": {
        "": {
            "name": "node-red-project",
            "version": "0.0.1",
            "dependencies": {
                "@allanoricil/node-red-salesforce": "file:../node-red-custom-node",
                "node-red-salesforce": "file:../node-red-custom-node"
            }
        },
        "../node-red-custom-node": {
            "name": "node-red-salesforce",
            "version": "0.0.0",
            "dependencies": {
                "@allanoricil/node-red-node": "^0.0.0-beta.5",
                "jsforce": "^1.11.1"
            },
            "devDependencies": {
                "@commitlint/cli": "^19.2.2",
                "@commitlint/config-conventional": "^19.2.2",
                "@semantic-release/changelog": "^6.0.3",
                "@semantic-release/commit-analyzer": "^12.0.0",
                "@semantic-release/git": "^10.0.1",
                "@semantic-release/github": "^10.0.3",
                "@semantic-release/npm": "^12.0.0",
                "@semantic-release/release-notes-generator": "^13.0.0",
                "deepmerge": "^4.3.1",
                "esbuild": "^0.21.4",
                "eslint": "^8.57.0",
                "eslint-config-prettier": "^9.1.0",
                "fs-extra": "^11.2.0",
                "husky": "^8.0.3",
                "lint-staged": "^15.2.0",
                "prettier": "^3.3.1",
                "semantic-release": "^23.0.8"
            },
            "engines": {
                "node": ">=20"
            }
        },
        "node_modules/@allanoricil/node-red-salesforce": {
            "resolved": "../node-red-custom-node",
            "link": true
        },
        "node_modules/node-red-salesforce": {
            "resolved": "../node-red-custom-node",
            "link": true
        }
    },
    "dependencies": {
        "@allanoricil/node-red-salesforce": {
            "version": "file:../node-red-custom-node",
            "requires": {
                "@allanoricil/node-red-node": "^0.0.0-beta.5",
                "@commitlint/cli": "^19.2.2",
                "@commitlint/config-conventional": "^19.2.2",
                "@semantic-release/changelog": "^6.0.3",
                "@semantic-release/commit-analyzer": "^12.0.0",
                "@semantic-release/git": "^10.0.1",
                "@semantic-release/github": "^10.0.3",
                "@semantic-release/npm": "^12.0.0",
                "@semantic-release/release-notes-generator": "^13.0.0",
                "deepmerge": "^4.3.1",
                "esbuild": "^0.21.4",
                "eslint": "^8.57.0",
                "eslint-config-prettier": "^9.1.0",
                "fs-extra": "^11.2.0",
                "husky": "^8.0.3",
                "jsforce": "^1.11.1",
                "lint-staged": "^15.2.0",
                "prettier": "^3.3.1",
                "semantic-release": "^23.0.8"
            }
        },
        "node-red-salesforce": {
            "version": "file:../node-red-custom-node",
            "requires": {
                "@allanoricil/node-red-node": "^0.0.0-beta.5",
                "@commitlint/cli": "^19.2.2",
                "@commitlint/config-conventional": "^19.2.2",
                "@semantic-release/changelog": "^6.0.3",
                "@semantic-release/commit-analyzer": "^12.0.0",
                "@semantic-release/git": "^10.0.1",
                "@semantic-release/github": "^10.0.3",
                "@semantic-release/npm": "^12.0.0",
                "@semantic-release/release-notes-generator": "^13.0.0",
                "deepmerge": "^4.3.1",
                "esbuild": "^0.21.4",
                "eslint": "^8.57.0",
                "eslint-config-prettier": "^9.1.0",
                "fs-extra": "^11.2.0",
                "husky": "^8.0.3",
                "jsforce": "^1.11.1",
                "lint-staged": "^15.2.0",
                "prettier": "^3.3.1",
                "semantic-release": "^23.0.8"
            }
        }
    }
}
